<<<<<<< HEAD
Microsoft Visual Studio Solution File, Format Version 11.00
# Visual Studio 2008

Project("{493F3132-9AA2-73F9-2CDA-346CA24CA6E3}") = "2D Puzzle Shooter", "Assembly-CSharp.csproj", "{6DFE5CC7-795F-0280-B49C-B3C6D2F9F446}"
EndProject
Global
	GlobalSection(SolutionConfigurationPlatforms) = preSolution
		Debug|Any CPU = Debug|Any CPU
		Release|Any CPU = Release|Any CPU
	EndGlobalSection
	GlobalSection(ProjectConfigurationPlatforms) = postSolution
		{6DFE5CC7-795F-0280-B49C-B3C6D2F9F446}.Debug|Any CPU.ActiveCfg = Debug|Any CPU
		{6DFE5CC7-795F-0280-B49C-B3C6D2F9F446}.Debug|Any CPU.Build.0 = Debug|Any CPU
		{6DFE5CC7-795F-0280-B49C-B3C6D2F9F446}.Release|Any CPU.ActiveCfg = Release|Any CPU
		{6DFE5CC7-795F-0280-B49C-B3C6D2F9F446}.Release|Any CPU.Build.0 = Release|Any CPU
	EndGlobalSection
	GlobalSection(SolutionProperties) = preSolution
		HideSolutionNode = FALSE
	EndGlobalSection
	GlobalSection(MonoDevelopProperties) = preSolution
		StartupItem = Assembly-CSharp.csproj
	EndGlobalSection
EndGlobal
=======
Microsoft Visual Studio Solution File, Format Version 11.00
# Visual Studio 2008

Project("{493F3132-9AA2-73F9-2CDA-346CA24CA6E3}") = "2D Puzzle Shooter", "Assembly-CSharp.csproj", "{6DFE5CC7-795F-0280-B49C-B3C6D2F9F446}"
EndProject
Global
	GlobalSection(SolutionConfigurationPlatforms) = preSolution
		Debug|Any CPU = Debug|Any CPU
		Release|Any CPU = Release|Any CPU
	EndGlobalSection
	GlobalSection(ProjectConfigurationPlatforms) = postSolution
		{6DFE5CC7-795F-0280-B49C-B3C6D2F9F446}.Debug|Any CPU.ActiveCfg = Debug|Any CPU
		{6DFE5CC7-795F-0280-B49C-B3C6D2F9F446}.Debug|Any CPU.Build.0 = Debug|Any CPU
		{6DFE5CC7-795F-0280-B49C-B3C6D2F9F446}.Release|Any CPU.ActiveCfg = Release|Any CPU
		{6DFE5CC7-795F-0280-B49C-B3C6D2F9F446}.Release|Any CPU.Build.0 = Release|Any CPU
	EndGlobalSection
	GlobalSection(SolutionProperties) = preSolution
		HideSolutionNode = FALSE
	EndGlobalSection
	GlobalSection(MonoDevelopProperties) = preSolution
		StartupItem = Assembly-CSharp.csproj
	EndGlobalSection
EndGlobal
>>>>>>> origin/master
